version = 1
revision = 2
requires-python = ">=3.13"

[[package]]
name = "nwn"
version = "0.0.14"
source = { registry = "https://pypi.org/simple" }
dependencies = [
    { name = "pyzstd" },
]
sdist = { url = "https://files.pythonhosted.org/packages/90/97/2cf6d40943e9e09f83f08f40caafafaf7ff767ba7f23a8c799853ba84c78/nwn-0.0.14.tar.gz", hash = "sha256:bd91cbeeaddfc011ef885f4bbdf9ec98219f5a027ffb07fb5cda03e6a2a04a16", size = 4231265, upload-time = "2025-07-23T14:19:01.465Z" }
wheels = [
    { url = "https://files.pythonhosted.org/packages/90/78/ce87d9a83c9998c93ee9b9279da4da4f5288f605023f467fdb49814c390d/nwn-0.0.14-py3-none-any.whl", hash = "sha256:d6a48f43f34883e89489e822e00b6ea0800279d441246110deedb804749d1600", size = 4267480, upload-time = "2025-07-23T14:18:57.512Z" },
]

[[package]]
name = "nwnee-data-utilities"
version = "0.1.0"
source = { virtual = "." }
dependencies = [
    { name = "nwn" },
    { name = "regex" },
]

[package.metadata]
requires-dist = [
    { name = "nwn", specifier = ">=0.0.14" },
    { name = "regex", specifier = ">=2024.11.6" },
]

[[package]]
name = "pyzstd"
version = "0.17.0"
source = { registry = "https://pypi.org/simple" }
sdist = { url = "https://files.pythonhosted.org/packages/8f/a2/54d860ccbd07e3c67e4d0321d1c29fc7963ac82cf801a078debfc4ef7c15/pyzstd-0.17.0.tar.gz", hash = "sha256:d84271f8baa66c419204c1dd115a4dec8b266f8a2921da21b81764fa208c1db6", size = 1212160, upload-time = "2025-05-10T14:14:49.764Z" }
wheels = [
    { url = "https://files.pythonhosted.org/packages/7e/51/171f5aad999e3f99e664e8ef572bbf97cbd684c46891a99fe8767eb9b7f6/pyzstd-0.17.0-cp313-cp313-macosx_10_13_x86_64.whl", hash = "sha256:6cd1a1d37a7abe9c01d180dad699e3ac3889e4f48ac5dcca145cc46b04e9abd2", size = 379051, upload-time = "2025-05-10T14:13:40.36Z" },
    { url = "https://files.pythonhosted.org/packages/83/1e/bdae9d1331a7fb60cdd9d3c75794ea4c0271d5e8408fbbe877353b730f99/pyzstd-0.17.0-cp313-cp313-macosx_11_0_arm64.whl", hash = "sha256:1a44fd596eda06b6265dc0358d5b309715a93f8e96e8a4b5292c2fe0e14575b3", size = 298384, upload-time = "2025-05-10T14:13:41.728Z" },
    { url = "https://files.pythonhosted.org/packages/80/3d/c0b61fc7994254b369aa5e96fcd02dbb3f8964482d51e098640802dd35e8/pyzstd-0.17.0-cp313-cp313-manylinux_2_12_i686.manylinux2010_i686.manylinux_2_17_i686.manylinux2014_i686.whl", hash = "sha256:0a99b37453f92f0691b2454d0905bbf2f430522612f6f12bbc81133ad947eb97", size = 445950, upload-time = "2025-05-10T14:13:43.034Z" },
    { url = "https://files.pythonhosted.org/packages/78/62/318de78124d49fe3f7ae2b44726bdb85eef63c3f3338ec3673665326df25/pyzstd-0.17.0-cp313-cp313-manylinux_2_17_aarch64.manylinux2014_aarch64.whl", hash = "sha256:63d864e9f9e624a466070a121ace9d9cbf579eac4ed575dee3b203ab1b3cbeee", size = 392923, upload-time = "2025-05-10T14:13:44.443Z" },
    { url = "https://files.pythonhosted.org/packages/7a/24/21541ee45cae4fd7e3d15d67f67ad3e96e41e0ee0a95653006f8a0df2349/pyzstd-0.17.0-cp313-cp313-manylinux_2_17_ppc64le.manylinux2014_ppc64le.whl", hash = "sha256:e58bc02b055f96d1f83c791dd197d8c80253275a56cd84f917a006e9f528420d", size = 480524, upload-time = "2025-05-10T14:13:45.798Z" },
    { url = "https://files.pythonhosted.org/packages/ed/fd/6659504588f4cb53ac5f347bd75206072c4969eacf3ae6925f46ddb6dadb/pyzstd-0.17.0-cp313-cp313-manylinux_2_17_s390x.manylinux2014_s390x.whl", hash = "sha256:3e62df7c0ba74618481149c849bc3ed7d551b9147e1274b4b3170bbcc0bfcc0a", size = 423568, upload-time = "2025-05-10T14:13:47.624Z" },
    { url = "https://files.pythonhosted.org/packages/2a/50/1eefc03eb21745321893fbd52702245f85e9e1f7ad35411dff2606792100/pyzstd-0.17.0-cp313-cp313-manylinux_2_17_x86_64.manylinux2014_x86_64.whl", hash = "sha256:42ecdd7136294f1becb8e57441df00eaa6dfd7444a8b0c96a1dfba5c81b066e7", size = 415473, upload-time = "2025-05-10T14:13:48.994Z" },
    { url = "https://files.pythonhosted.org/packages/8a/27/f3da112795f9b9dc4db819f9f6e1b231a7adc03c609db1f2b33a4185be1d/pyzstd-0.17.0-cp313-cp313-musllinux_1_2_aarch64.whl", hash = "sha256:be07a57af75f99fc39b8e2d35f8fb823ecd7ef099cd1f6203829a5094a991ae2", size = 418276, upload-time = "2025-05-10T14:13:50.316Z" },
    { url = "https://files.pythonhosted.org/packages/95/56/02b601d7198dc5138ceea6f2b978b3205b9fab05740957d1ef1c4ca59621/pyzstd-0.17.0-cp313-cp313-musllinux_1_2_i686.whl", hash = "sha256:0d41e6f7ec2a70dab4982157a099562de35a6735c890945b4cebb12fb7eb0be0", size = 449285, upload-time = "2025-05-10T14:13:51.759Z" },
    { url = "https://files.pythonhosted.org/packages/f4/79/8a4c352f9dd5728402318f324930250ad40df8fd27fea33818cf0c9ac171/pyzstd-0.17.0-cp313-cp313-musllinux_1_2_ppc64le.whl", hash = "sha256:f482d906426756e7cc9a43f500fee907e1b3b4e9c04d42d58fb1918c6758759b", size = 522190, upload-time = "2025-05-10T14:13:53.075Z" },
    { url = "https://files.pythonhosted.org/packages/55/4a/51385325e7b816365292078449a8007bc3ab3e05b7b29ab91d9d519edb01/pyzstd-0.17.0-cp313-cp313-musllinux_1_2_s390x.whl", hash = "sha256:827327b35605265e1d05a2f6100244415e8f2728bb75c951736c9288415908d7", size = 566488, upload-time = "2025-05-10T14:13:54.484Z" },
    { url = "https://files.pythonhosted.org/packages/26/68/da37fb4e6a79a3cff7de4a3ee006fb5f981230c59de79f6c8c426392a265/pyzstd-0.17.0-cp313-cp313-musllinux_1_2_x86_64.whl", hash = "sha256:6a55008f80e3390e4f37bd9353830f1675f271d13d6368d2f1dc413b7c6022b3", size = 432870, upload-time = "2025-05-10T14:13:55.86Z" },
    { url = "https://files.pythonhosted.org/packages/30/05/769d82f9708c4907512111a1de44bb77e5b08ad3862287c2e5fc5ead2df2/pyzstd-0.17.0-cp313-cp313-win32.whl", hash = "sha256:a4be186c0df86d4d95091c759a06582654f2b93690503b1c24d77f537d0cf5d0", size = 220290, upload-time = "2025-05-10T14:13:57.227Z" },
    { url = "https://files.pythonhosted.org/packages/62/92/f69eb8623f041c2656e27337ac08e69cd18a9eacb1557ab498d391f191bd/pyzstd-0.17.0-cp313-cp313-win_amd64.whl", hash = "sha256:251a0b599bd224ec66f39165ddb2f959d0a523938e3bbfa82d8188dc03a271a2", size = 246450, upload-time = "2025-05-10T14:13:58.596Z" },
    { url = "https://files.pythonhosted.org/packages/ad/ef/5ae5445d5f675e9e8c868b2326597c5b396e41c5c9645daa45e8c1cd3d5c/pyzstd-0.17.0-cp313-cp313-win_arm64.whl", hash = "sha256:ce6d5fd908fd3ddec32d1c1a5a7a15b9d7737d0ef2ab20fe1e8261da61395017", size = 222966, upload-time = "2025-05-10T14:13:59.881Z" },
]

[[package]]
name = "regex"
version = "2024.11.6"
source = { registry = "https://pypi.org/simple" }
sdist = { url = "https://files.pythonhosted.org/packages/8e/5f/bd69653fbfb76cf8604468d3b4ec4c403197144c7bfe0e6a5fc9e02a07cb/regex-2024.11.6.tar.gz", hash = "sha256:7ab159b063c52a0333c884e4679f8d7a85112ee3078fe3d9004b2dd875585519", size = 399494, upload-time = "2024-11-06T20:12:31.635Z" }
wheels = [
    { url = "https://files.pythonhosted.org/packages/90/73/bcb0e36614601016552fa9344544a3a2ae1809dc1401b100eab02e772e1f/regex-2024.11.6-cp313-cp313-macosx_10_13_universal2.whl", hash = "sha256:a6ba92c0bcdf96cbf43a12c717eae4bc98325ca3730f6b130ffa2e3c3c723d84", size = 483525, upload-time = "2024-11-06T20:10:45.19Z" },
    { url = "https://files.pythonhosted.org/packages/0f/3f/f1a082a46b31e25291d830b369b6b0c5576a6f7fb89d3053a354c24b8a83/regex-2024.11.6-cp313-cp313-macosx_10_13_x86_64.whl", hash = "sha256:525eab0b789891ac3be914d36893bdf972d483fe66551f79d3e27146191a37d4", size = 288324, upload-time = "2024-11-06T20:10:47.177Z" },
    { url = "https://files.pythonhosted.org/packages/09/c9/4e68181a4a652fb3ef5099e077faf4fd2a694ea6e0f806a7737aff9e758a/regex-2024.11.6-cp313-cp313-macosx_11_0_arm64.whl", hash = "sha256:086a27a0b4ca227941700e0b31425e7a28ef1ae8e5e05a33826e17e47fbfdba0", size = 284617, upload-time = "2024-11-06T20:10:49.312Z" },
    { url = "https://files.pythonhosted.org/packages/fc/fd/37868b75eaf63843165f1d2122ca6cb94bfc0271e4428cf58c0616786dce/regex-2024.11.6-cp313-cp313-manylinux_2_17_aarch64.manylinux2014_aarch64.whl", hash = "sha256:bde01f35767c4a7899b7eb6e823b125a64de314a8ee9791367c9a34d56af18d0", size = 795023, upload-time = "2024-11-06T20:10:51.102Z" },
    { url = "https://files.pythonhosted.org/packages/c4/7c/d4cd9c528502a3dedb5c13c146e7a7a539a3853dc20209c8e75d9ba9d1b2/regex-2024.11.6-cp313-cp313-manylinux_2_17_ppc64le.manylinux2014_ppc64le.whl", hash = "sha256:b583904576650166b3d920d2bcce13971f6f9e9a396c673187f49811b2769dc7", size = 833072, upload-time = "2024-11-06T20:10:52.926Z" },
    { url = "https://files.pythonhosted.org/packages/4f/db/46f563a08f969159c5a0f0e722260568425363bea43bb7ae370becb66a67/regex-2024.11.6-cp313-cp313-manylinux_2_17_s390x.manylinux2014_s390x.whl", hash = "sha256:1c4de13f06a0d54fa0d5ab1b7138bfa0d883220965a29616e3ea61b35d5f5fc7", size = 823130, upload-time = "2024-11-06T20:10:54.828Z" },
    { url = "https://files.pythonhosted.org/packages/db/60/1eeca2074f5b87df394fccaa432ae3fc06c9c9bfa97c5051aed70e6e00c2/regex-2024.11.6-cp313-cp313-manylinux_2_17_x86_64.manylinux2014_x86_64.whl", hash = "sha256:3cde6e9f2580eb1665965ce9bf17ff4952f34f5b126beb509fee8f4e994f143c", size = 796857, upload-time = "2024-11-06T20:10:56.634Z" },
    { url = "https://files.pythonhosted.org/packages/10/db/ac718a08fcee981554d2f7bb8402f1faa7e868c1345c16ab1ebec54b0d7b/regex-2024.11.6-cp313-cp313-manylinux_2_5_i686.manylinux1_i686.manylinux_2_17_i686.manylinux2014_i686.whl", hash = "sha256:0d7f453dca13f40a02b79636a339c5b62b670141e63efd511d3f8f73fba162b3", size = 784006, upload-time = "2024-11-06T20:10:59.369Z" },
    { url = "https://files.pythonhosted.org/packages/c2/41/7da3fe70216cea93144bf12da2b87367590bcf07db97604edeea55dac9ad/regex-2024.11.6-cp313-cp313-musllinux_1_2_aarch64.whl", hash = "sha256:59dfe1ed21aea057a65c6b586afd2a945de04fc7db3de0a6e3ed5397ad491b07", size = 781650, upload-time = "2024-11-06T20:11:02.042Z" },
    { url = "https://files.pythonhosted.org/packages/a7/d5/880921ee4eec393a4752e6ab9f0fe28009435417c3102fc413f3fe81c4e5/regex-2024.11.6-cp313-cp313-musllinux_1_2_i686.whl", hash = "sha256:b97c1e0bd37c5cd7902e65f410779d39eeda155800b65fc4d04cc432efa9bc6e", size = 789545, upload-time = "2024-11-06T20:11:03.933Z" },
    { url = "https://files.pythonhosted.org/packages/dc/96/53770115e507081122beca8899ab7f5ae28ae790bfcc82b5e38976df6a77/regex-2024.11.6-cp313-cp313-musllinux_1_2_ppc64le.whl", hash = "sha256:f9d1e379028e0fc2ae3654bac3cbbef81bf3fd571272a42d56c24007979bafb6", size = 853045, upload-time = "2024-11-06T20:11:06.497Z" },
    { url = "https://files.pythonhosted.org/packages/31/d3/1372add5251cc2d44b451bd94f43b2ec78e15a6e82bff6a290ef9fd8f00a/regex-2024.11.6-cp313-cp313-musllinux_1_2_s390x.whl", hash = "sha256:13291b39131e2d002a7940fb176e120bec5145f3aeb7621be6534e46251912c4", size = 860182, upload-time = "2024-11-06T20:11:09.06Z" },
    { url = "https://files.pythonhosted.org/packages/ed/e3/c446a64984ea9f69982ba1a69d4658d5014bc7a0ea468a07e1a1265db6e2/regex-2024.11.6-cp313-cp313-musllinux_1_2_x86_64.whl", hash = "sha256:4f51f88c126370dcec4908576c5a627220da6c09d0bff31cfa89f2523843316d", size = 787733, upload-time = "2024-11-06T20:11:11.256Z" },
    { url = "https://files.pythonhosted.org/packages/2b/f1/e40c8373e3480e4f29f2692bd21b3e05f296d3afebc7e5dcf21b9756ca1c/regex-2024.11.6-cp313-cp313-win32.whl", hash = "sha256:63b13cfd72e9601125027202cad74995ab26921d8cd935c25f09c630436348ff", size = 262122, upload-time = "2024-11-06T20:11:13.161Z" },
    { url = "https://files.pythonhosted.org/packages/45/94/bc295babb3062a731f52621cdc992d123111282e291abaf23faa413443ea/regex-2024.11.6-cp313-cp313-win_amd64.whl", hash = "sha256:2b3361af3198667e99927da8b84c1b010752fa4b1115ee30beaa332cabc3ef1a", size = 273545, upload-time = "2024-11-06T20:11:15Z" },
]
